// !$*UTF8*$!
{
	archiveVersion = 1;
	classes = {
	};
	objectVersion = 46;
	objects = {

/* Begin PBXBuildFile section */
		EE8285111A59D34E00D5F2C9 /* main.m in Sources */ = {isa = PBXBuildFile; fileRef = EE8285101A59D34E00D5F2C9 /* main.m */; };
		EE8285141A59D34E00D5F2C9 /* AppDelegate.m in Sources */ = {isa = PBXBuildFile; fileRef = EE8285131A59D34E00D5F2C9 /* AppDelegate.m */; };
		EE8285171A59D34E00D5F2C9 /* ViewController.m in Sources */ = {isa = PBXBuildFile; fileRef = EE8285161A59D34E00D5F2C9 /* ViewController.m */; };
		EE82851A1A59D34E00D5F2C9 /* Main.storyboard in Resources */ = {isa = PBXBuildFile; fileRef = EE8285181A59D34E00D5F2C9 /* Main.storyboard */; };
		EE82851C1A59D34E00D5F2C9 /* Images.xcassets in Resources */ = {isa = PBXBuildFile; fileRef = EE82851B1A59D34E00D5F2C9 /* Images.xcassets */; };
		EE82851F1A59D34E00D5F2C9 /* LaunchScreen.xib in Resources */ = {isa = PBXBuildFile; fileRef = EE82851D1A59D34E00D5F2C9 /* LaunchScreen.xib */; };
		EE82852B1A59D34E00D5F2C9 /* TaxCalculatorAppTests.m in Sources */ = {isa = PBXBuildFile; fileRef = EE82852A1A59D34E00D5F2C9 /* TaxCalculatorAppTests.m */; };
/* End PBXBuildFile section */

/* Begin PBXContainerItemProxy section */
		EE8285251A59D34E00D5F2C9 /* PBXContainerItemProxy */ = {
			isa = PBXContainerItemProxy;
			containerPortal = EE8285031A59D34E00D5F2C9 /* Project object */;
			proxyType = 1;
			remoteGlobalIDString = EE82850A1A59D34E00D5F2C9;
			remoteInfo = TaxCalculatorApp;
		};
/* End PBXContainerItemProxy section */

/* Begin PBXFileReference section */
		EE82850B1A59D34E00D5F2C9 /* TaxCalculatorApp.app */ = {isa = PBXFileReference; explicitFileType = wrapper.application; includeInIndex = 0; path = TaxCalculatorApp.app; sourceTree = BUILT_PRODUCTS_DIR; };
		EE82850F1A59D34E00D5F2C9 /* Info.plist */ = {isa = PBXFileReference; lastKnownFileType = text.plist.xml; path = Info.plist; sourceTree = "<group>"; };
		EE8285101A59D34E00D5F2C9 /* main.m */ = {isa = PBXFileReference; lastKnownFileType = sourcecode.c.objc; path = main.m; sourceTree = "<group>"; };
		EE8285121A59D34E00D5F2C9 /* AppDelegate.h */ = {isa = PBXFileReference; lastKnownFileType = sourcecode.c.h; path = AppDelegate.h; sourceTree = "<group>"; };
		EE8285131A59D34E00D5F2C9 /* AppDelegate.m */ = {isa = PBXFileReference; lastKnownFileType = sourcecode.c.objc; path = AppDelegate.m; sourceTree = "<group>"; };
		EE8285151A59D34E00D5F2C9 /* ViewController.h */ = {isa = PBXFileReference; lastKnownFileType = sourcecode.c.h; path = ViewController.h; sourceTree = "<group>"; };
		EE8285161A59D34E00D5F2C9 /* ViewController.m */ = {isa = PBXFileReference; lastKnownFileType = sourcecode.c.objc; path = ViewController.m; sourceTree = "<group>"; };
		EE8285191A59D34E00D5F2C9 /* Base */ = {isa = PBXFileReference; lastKnownFileType = file.storyboard; name = Base; path = Base.lproj/Main.storyboard; sourceTree = "<group>"; };
		EE82851B1A59D34E00D5F2C9 /* Images.xcassets */ = {isa = PBXFileReference; lastKnownFileType = folder.assetcatalog; path = Images.xcassets; sourceTree = "<group>"; };
		EE82851E1A59D34E00D5F2C9 /* Base */ = {isa = PBXFileReference; lastKnownFileType = file.xib; name = Base; path = Base.lproj/LaunchScreen.xib; sourceTree = "<group>"; };
		EE8285241A59D34E00D5F2C9 /* TaxCalculatorAppTests.xctest */ = {isa = PBXFileReference; explicitFileType = wrapper.cfbundle; includeInIndex = 0; path = TaxCalculatorAppTests.xctest; sourceTree = BUILT_PRODUCTS_DIR; };
		EE8285291A59D34E00D5F2C9 /* Info.plist */ = {isa = PBXFileReference; lastKnownFileType = text.plist.xml; path = Info.plist; sourceTree = "<group>"; };
		EE82852A1A59D34E00D5F2C9 /* TaxCalculatorAppTests.m */ = {isa = PBXFileReference; lastKnownFileType = sourcecode.c.objc; path = TaxCalculatorAppTests.m; sourceTree = "<group>"; };
/* End PBXFileReference section */

/* Begin PBXFrameworksBuildPhase section */
		EE8285081A59D34E00D5F2C9 /* Frameworks */ = {
			isa = PBXFrameworksBuildPhase;
			buildActionMask = 2147483647;
			files = (
			);
			runOnlyForDeploymentPostprocessing = 0;
		};
		EE8285211A59D34E00D5F2C9 /* Frameworks */ = {
			isa = PBXFrameworksBuildPhase;
			buildActionMask = 2147483647;
			files = (
			);
			runOnlyForDeploymentPostprocessing = 0;
		};
/* End PBXFrameworksBuildPhase section */

/* Begin PBXGroup section */
		EE8285021A59D34D00D5F2C9 = {
			isa = PBXGroup;
			children = (
				EE82850D1A59D34E00D5F2C9 /* TaxCalculatorApp */,
				EE8285271A59D34E00D5F2C9 /* TaxCalculatorAppTests */,
				EE82850C1A59D34E00D5F2C9 /* Products */,
			);
			sourceTree = "<group>";
		};
		EE82850C1A59D34E00D5F2C9 /* Products */ = {
			isa = PBXGroup;
			children = (
				EE82850B1A59D34E00D5F2C9 /* TaxCalculatorApp.app */,
				EE8285241A59D34E00D5F2C9 /* TaxCalculatorAppTests.xctest */,
			);
			name = Products;
			sourceTree = "<group>";
		};
		EE82850D1A59D34E00D5F2C9 /* TaxCalculatorApp */ = {
			isa = PBXGroup;
			children = (
				EE82851B1A59D34E00D5F2C9 /* Images.xcassets */,
				EE8285121A59D34E00D5F2C9 /* AppDelegate.h */,
				EE8285131A59D34E00D5F2C9 /* AppDelegate.m */,
				EE8285151A59D34E00D5F2C9 /* ViewController.h */,
				EE8285161A59D34E00D5F2C9 /* ViewController.m */,
				EE8285181A59D34E00D5F2C9 /* Main.storyboard */,
				EE82851D1A59D34E00D5F2C9 /* LaunchScreen.xib */,
				EE82850E1A59D34E00D5F2C9 /* Supporting Files */,
			);
			path = TaxCalculatorApp;
			sourceTree = "<group>";
		};
		EE82850E1A59D34E00D5F2C9 /* Supporting Files */ = {
			isa = PBXGroup;
			children = (
				EE82850F1A59D34E00D5F2C9 /* Info.plist */,
				EE8285101A59D34E00D5F2C9 /* main.m */,
			);
			name = "Supporting Files";
			sourceTree = "<group>";
		};
		EE8285271A59D34E00D5F2C9 /* TaxCalculatorAppTests */ = {
			isa = PBXGroup;
			children = (
				EE82852A1A59D34E00D5F2C9 /* TaxCalculatorAppTests.m */,
				EE8285281A59D34E00D5F2C9 /* Supporting Files */,
			);
			path = TaxCalculatorAppTests;
			sourceTree = "<group>";
		};
		EE8285281A59D34E00D5F2C9 /* Supporting Files */ = {
			isa = PBXGroup;
			children = (
				EE8285291A59D34E00D5F2C9 /* Info.plist */,
			);
			name = "Supporting Files";
			sourceTree = "<group>";
		};
/* End PBXGroup section */

/* Begin PBXNativeTarget section */
		EE82850A1A59D34E00D5F2C9 /* TaxCalculatorApp */ = {
			isa = PBXNativeTarget;
			buildConfigurationList = EE82852E1A59D34E00D5F2C9 /* Build configuration list for PBXNativeTarget "TaxCalculatorApp" */;
			buildPhases = (
				EE8285071A59D34E00D5F2C9 /* Sources */,
				EE8285081A59D34E00D5F2C9 /* Frameworks */,
				EE8285091A59D34E00D5F2C9 /* Resources */,
			);
			buildRules = (
			);
			dependencies = (
			);
			name = TaxCalculatorApp;
			productName = TaxCalculatorApp;
			productReference = EE82850B1A59D34E00D5F2C9 /* TaxCalculatorApp.app */;
			productType = "com.apple.product-type.application";
		};
		EE8285231A59D34E00D5F2C9 /* TaxCalculatorAppTests */ = {
			isa = PBXNativeTarget;
			buildConfigurationList = EE8285311A59D34E00D5F2C9 /* Build configuration list for PBXNativeTarget "TaxCalculatorAppTests" */;
			buildPhases = (
				EE8285201A59D34E00D5F2C9 /* Sources */,
				EE8285211A59D34E00D5F2C9 /* Frameworks */,
				EE8285221A59D34E00D5F2C9 /* Resources */,
			);
			buildRules = (
			);
			dependencies = (
				EE8285261A59D34E00D5F2C9 /* PBXTargetDependency */,
			);
			name = TaxCalculatorAppTests;
			productName = TaxCalculatorAppTests;
			productReference = EE8285241A59D34E00D5F2C9 /* TaxCalculatorAppTests.xctest */;
			productType = "com.apple.product-type.bundle.unit-test";
		};
/* End PBXNativeTarget section */

/* Begin PBXProject section */
		EE8285031A59D34E00D5F2C9 /* Project object */ = {
			isa = PBXProject;
			attributes = {
				LastUpgradeCheck = 0610;
				ORGANIZATIONNAME = MobileMakers;
				TargetAttributes = {
					EE82850A1A59D34E00D5F2C9 = {
						CreatedOnToolsVersion = 6.1.1;
					};
					EE8285231A59D34E00D5F2C9 = {
						CreatedOnToolsVersion = 6.1.1;
						TestTargetID = EE82850A1A59D34E00D5F2C9;
					};
				};
			};
			buildConfigurationList = EE8285061A59D34E00D5F2C9 /* Build configuration list for PBXProject "TaxCalculatorApp" */;
			compatibilityVersion = "Xcode 3.2";
			developmentRegion = English;
			hasScannedForEncodings = 0;
			knownRegions = (
				en,
				Base,
			);
			mainGroup = EE8285021A59D34D00D5F2C9;
			productRefGroup = EE82850C1A59D34E00D5F2C9 /* Products */;
			projectDirPath = "";
			projectRoot = "";
			targets = (
				EE82850A1A59D34E00D5F2C9 /* TaxCalculatorApp */,
				EE8285231A59D34E00D5F2C9 /* TaxCalculatorAppTests */,
			);
		};
/* End PBXProject section */

/* Begin PBXResourcesBuildPhase section */
		EE8285091A59D34E00D5F2C9 /* Resources */ = {
			isa = PBXResourcesBuildPhase;
			buildActionMask = 2147483647;
			files = (
				EE82851A1A59D34E00D5F2C9 /* Main.storyboard in Resources */,
				EE82851F1A59D34E00D5F2C9 /* LaunchScreen.xib in Resources */,
				EE82851C1A59D34E00D5F2C9 /* Images.xcassets in Resources */,
			);
			runOnlyForDeploymentPostprocessing = 0;
		};
		EE8285221A59D34E00D5F2C9 /* Resources */ = {
			isa = PBXResourcesBuildPhase;
			buildActionMask = 2147483647;
			files = (
			);
			runOnlyForDeploymentPostprocessing = 0;
		};
/* End PBXResourcesBuildPhase section */

/* Begin PBXSourcesBuildPhase section */
		EE8285071A59D34E00D5F2C9 /* Sources */ = {
			isa = PBXSourcesBuildPhase;
			buildActionMask = 2147483647;
			files = (
				EE8285171A59D34E00D5F2C9 /* ViewController.m in Sources */,
				EE8285141A59D34E00D5F2C9 /* AppDelegate.m in Sources */,
				EE8285111A59D34E00D5F2C9 /* main.m in Sources */,
			);
			runOnlyForDeploymentPostprocessing = 0;
		};
		EE8285201A59D34E00D5F2C9 /* Sources */ = {
			isa = PBXSourcesBuildPhase;
			buildActionMask = 2147483647;
			files = (
				EE82852B1A59D34E00D5F2C9 /* TaxCalculatorAppTests.m in Sources */,
			);
			runOnlyForDeploymentPostprocessing = 0;
		};
/* End PBXSourcesBuildPhase section */

/* Begin PBXTargetDependency section */
		EE8285261A59D34E00D5F2C9 /* PBXTargetDependency */ = {
			isa = PBXTargetDependency;
			target = EE82850A1A59D34E00D5F2C9 /* TaxCalculatorApp */;
			targetProxy = EE8285251A59D34E00D5F2C9 /* PBXContainerItemProxy */;
		};
/* End PBXTargetDependency section */

/* Begin PBXVariantGroup section */
		EE8285181A59D34E00D5F2C9 /* Main.storyboard */ = {
			isa = PBXVariantGroup;
			children = (
				EE8285191A59D34E00D5F2C9 /* Base */,
			);
			name = Main.storyboard;
			sourceTree = "<group>";
		};
		EE82851D1A59D34E00D5F2C9 /* LaunchScreen.xib */ = {
			isa = PBXVariantGroup;
			children = (
				EE82851E1A59D34E00D5F2C9 /* Base */,
			);
			name = LaunchScreen.xib;
			sourceTree = "<group>";
		};
/* End PBXVariantGroup section */

/* Begin XCBuildConfiguration section */
		EE82852C1A59D34E00D5F2C9 /* Debug */ = {
			isa = XCBuildConfiguration;
			buildSettings = {
				ALWAYS_SEARCH_USER_PATHS = NO;
				CLANG_CXX_LANGUAGE_STANDARD = "gnu++0x";
				CLANG_CXX_LIBRARY = "libc++";
				CLANG_ENABLE_MODULES = YES;
				CLANG_ENABLE_OBJC_ARC = YES;
				CLANG_WARN_BOOL_CONVERSION = YES;
				CLANG_WARN_CONSTANT_CONVERSION = YES;
				CLANG_WARN_DIRECT_OBJC_ISA_USAGE = YES_ERROR;
				CLANG_WARN_EMPTY_BODY = YES;
				CLANG_WARN_ENUM_CONVERSION = YES;
				CLANG_WARN_INT_CONVERSION = YES;
				CLANG_WARN_OBJC_ROOT_CLASS = YES_ERROR;
				CLANG_WARN_UNREACHABLE_CODE = YES;
				CLANG_WARN__DUPLICATE_METHOD_MATCH = YES;
				"CODE_SIGN_IDENTITY[sdk=iphoneos*]" = "iPhone Developer";
				COPY_PHASE_STRIP = NO;
				ENABLE_STRICT_OBJC_MSGSEND = YES;
				GCC_C_LANGUAGE_STANDARD = gnu99;
				GCC_DYNAMIC_NO_PIC = NO;
				GCC_OPTIMIZATION_LEVEL = 0;
				GCC_PREPROCESSOR_DEFINITIONS = (
					"DEBUG=1",
					"$(inherited)",
				);
				GCC_SYMBOLS_PRIVATE_EXTERN = NO;
				GCC_WARN_64_TO_32_BIT_CONVERSION = YES;
				GCC_WARN_ABOUT_RETURN_TYPE = YES_ERROR;
				GCC_WARN_UNDECLARED_SELECTOR = YES;
				GCC_WARN_UNINITIALIZED_AUTOS = YES_AGGRESSIVE;
				GCC_WARN_UNUSED_FUNCTION = YES;
				GCC_WARN_UNUSED_VARIABLE = YES;
				IPHONEOS_DEPLOYMENT_TARGET = 8.1;
				MTL_ENABLE_DEBUG_INFO = YES;
				ONLY_ACTIVE_ARCH = YES;
				SDKROOT = iphoneos;
			};
			name = Debug;
		};
		EE82852D1A59D34E00D5F2C9 /* Release */ = {
			isa = XCBuildConfiguration;
			buildSettings = {
				ALWAYS_SEARCH_USER_PATHS = NO;
				CLANG_CXX_LANGUAGE_STANDARD = "gnu++0x";
				CLANG_CXX_LIBRARY = "libc++";
				CLANG_ENABLE_MODULES = YES;
				CLANG_ENABLE_OBJC_ARC = YES;
				CLANG_WARN_BOOL_CONVERSION = YES;
				CLANG_WARN_CONSTANT_CONVERSION = YES;
				CLANG_WARN_DIRECT_OBJC_ISA_USAGE = YES_ERROR;
				CLANG_WARN_EMPTY_BODY = YES;
				CLANG_WARN_ENUM_CONVERSION = YES;
				CLANG_WARN_INT_CONVERSION = YES;
				CLANG_WARN_OBJC_ROOT_CLASS = YES_ERROR;
				CLANG_WARN_UNREACHABLE_CODE = YES;
				CLANG_WARN__DUPLICATE_METHOD_MATCH = YES;
				"CODE_SIGN_IDENTITY[sdk=iphoneos*]" = "iPhone Developer";
				COPY_PHASE_STRIP = YES;
				ENABLE_NS_ASSERTIONS = NO;
				ENABLE_STRICT_OBJC_MSGSEND = YES;
				GCC_C_LANGUAGE_STANDARD = gnu99;
				GCC_WARN_64_TO_32_BIT_CONVERSION = YES;
				GCC_WARN_ABOUT_RETURN_TYPE = YES_ERROR;
				GCC_WARN_UNDECLARED_SELECTOR = YES;
				GCC_WARN_UNINITIALIZED_AUTOS = YES_AGGRESSIVE;
				GCC_WARN_UNUSED_FUNCTION = YES;
				GCC_WARN_UNUSED_VARIABLE = YES;
				IPHONEOS_DEPLOYMENT_TARGET = 8.1;
				MTL_ENABLE_DEBUG_INFO = NO;
				SDKROOT = iphoneos;
				VALIDATE_PRODUCT = YES;
			};
			name = Release;
		};
		EE82852F1A59D34E00D5F2C9 /* Debug */ = {
			isa = XCBuildConfiguration;
			buildSettings = {
				ASSETCATALOG_COMPILER_APPICON_NAME = AppIcon;
				INFOPLIST_FILE = TaxCalculatorApp/Info.plist;
				LD_RUNPATH_SEARCH_PATHS = "$(inherited) @executable_path/Frameworks";
				PRODUCT_NAME = "$(TARGET_NAME)";
			};
			name = Debug;
		};
		EE8285301A59D34E00D5F2C9 /* Release */ = {
			isa = XCBuildConfiguration;
			buildSettings = {
				ASSETCATALOG_COMPILER_APPICON_NAME = AppIcon;
				INFOPLIST_FILE = TaxCalculatorApp/Info.plist;
				LD_RUNPATH_SEARCH_PATHS = "$(inherited) @executable_path/Frameworks";
				PRODUCT_NAME = "$(TARGET_NAME)";
			};
			name = Release;
		};
		EE8285321A59D34E00D5F2C9 /* Debug */ = {
			isa = XCBuildConfiguration;
			buildSettings = {
				BUNDLE_LOADER = "$(TEST_HOST)";
				FRAMEWORK_SEARCH_PATHS = (
					"$(SDKROOT)/Developer/Library/Frameworks",
					"$(inherited)",
				);
				GCC_PREPROCESSOR_DEFINITIONS = (
					"DEBUG=1",
					"$(inherited)",
				);
				INFOPLIST_FILE = TaxCalculatorAppTests/Info.plist;
				LD_RUNPATH_SEARCH_PATHS = "$(inherited) @executable_path/Frameworks @loader_path/Frameworks";
				PRODUCT_NAME = "$(TARGET_NAME)";
				TEST_HOST = "$(BUILT_PRODUCTS_DIR)/TaxCalculatorApp.app/TaxCalculatorApp";
			};
			name = Debug;
		};
		EE8285331A59D34E00D5F2C9 /* Release */ = {
			isa = XCBuildConfiguration;
			buildSettings = {
				BUNDLE_LOADER = "$(TEST_HOST)";
				FRAMEWORK_SEARCH_PATHS = (
					"$(SDKROOT)/Developer/Library/Frameworks",
					"$(inherited)",
				);
				INFOPLIST_FILE = TaxCalculatorAppTests/Info.plist;
				LD_RUNPATH_SEARCH_PATHS = "$(inherited) @executable_path/Frameworks @loader_path/Frameworks";
				PRODUCT_NAME = "$(TARGET_NAME)";
				TEST_HOST = "$(BUILT_PRODUCTS_DIR)/TaxCalculatorApp.app/TaxCalculatorApp";
			};
			name = Release;
		};
/* End XCBuildConfiguration section */

/* Begin XCConfigurationList section */
		EE8285061A59D34E00D5F2C9 /* Build configuration list for PBXProject "TaxCalculatorApp" */ = {
			isa = XCConfigurationList;
			buildConfigurations = (
				EE82852C1A59D34E00D5F2C9 /* Debug */,
				EE82852D1A59D34E00D5F2C9 /* Release */,
			);
			defaultConfigurationIsVisible = 0;
			defaultConfigurationName = Release;
		};
		EE82852E1A59D34E00D5F2C9 /* Build configuration list for PBXNativeTarget "TaxCalculatorApp" */ = {
			isa = XCConfigurationList;
			buildConfigurations = (
				EE82852F1A59D34E00D5F2C9 /* Debug */,
				EE8285301A59D34E00D5F2C9 /* Release */,
			);
			defaultConfigurationIsVisible = 0;
		};
		EE8285311A59D34E00D5F2C9 /* Build configuration list for PBXNativeTarget "TaxCalculatorAppTests" */ = {
			isa = XCConfigurationList;
			buildConfigurations = (
				EE8285321A59D34E00D5F2C9 /* Debug */,
				EE8285331A59D34E00D5F2C9 /* Release */,
			);
			defaultConfigurationIsVisible = 0;
		};
/* End XCConfigurationList section */
	};
	rootObject = EE8285031A59D34E00D5F2C9 /* Project object */;
}
